
Microsoft Visual Studio Solution File, Format Version 12.00
# Visual Studio Version 17
VisualStudioVersion = 17.3.32922.545
MinimumVisualStudioVersion = 10.0.40219.1
Project("{FAE04EC0-301F-11D3-BF4B-00C04F79EFBC}") = "Travel", "Travel\Travel.csproj", "{33B43457-C500-4BF4-887A-63ABACFE023C}"
EndProject
Global
	GlobalSection(SolutionConfigurationPlatforms) = preSolution
		Debug|Any CPU = Debug|Any CPU
		Release|Any CPU = Release|Any CPU
	EndGlobalSection
	GlobalSection(ProjectConfigurationPlatforms) = postSolution
		{33B43457-C500-4BF4-887A-63ABACFE023C}.Debug|Any CPU.ActiveCfg = Debug|Any CPU
		{33B43457-C500-4BF4-887A-63ABACFE023C}.Debug|Any CPU.Build.0 = Debug|Any CPU
		{33B43457-C500-4BF4-887A-63ABACFE023C}.Release|Any CPU.ActiveCfg = Release|Any CPU
		{33B43457-C500-4BF4-887A-63ABACFE023C}.Release|Any CPU.Build.0 = Release|Any CPU
	EndGlobalSection
	GlobalSection(SolutionProperties) = preSolution
		HideSolutionNode = FALSE
	EndGlobalSection
	GlobalSection(ExtensibilityGlobals) = postSolution
		SolutionGuid = {A64AC709-61E9-43BA-968C-E118F2A4BA17}
	EndGlobalSection
EndGlobal
